# This file is automatically @generated by Cargo.
# It is not intended for manual editing.
version = 3

[[package]]
name = "arrayvec"
version = "0.7.6"
source = "registry+https://github.com/rust-lang/crates.io-index"
checksum = "7c02d123df017efcdfbd739ef81735b36c5ba83ec3c59c80a9d7ecc718f92e50"

[[package]]
name = "autocfg"
version = "1.3.0"
source = "registry+https://github.com/rust-lang/crates.io-index"
checksum = "0c4b4d0bd25bd0b74681c0ad21497610ce1b7c91b1022cd21c80c6fbdd9476b0"

[[package]]
name = "bitflags"
version = "2.6.0"
source = "registry+https://github.com/rust-lang/crates.io-index"
checksum = "b048fb63fd8b5923fc5aa7b340d8e156aec7ec02f0c78fa8a6ddc2613f6f71de"

[[package]]
name = "cobapi"
version = "0.3.0"
source = "git+https://github.com/DivineDragonFanClub/cobapi#cc1080aa35fb1e4f7c465da20ac6bb66b82d7c57"
dependencies = [
 "engage",
]

[[package]]
name = "deluxe"
version = "0.5.0"
source = "registry+https://github.com/rust-lang/crates.io-index"
checksum = "8ed332aaf752b459088acf3dd4eca323e3ef4b83c70a84ca48fb0ec5305f1488"
dependencies = [
 "deluxe-core",
 "deluxe-macros",
 "once_cell",
 "proc-macro2",
 "syn 2.0.77",
]

[[package]]
name = "deluxe-core"
version = "0.5.0"
source = "registry+https://github.com/rust-lang/crates.io-index"
checksum = "eddada51c8576df9d6a8450c351ff63042b092c9458b8ac7d20f89cbd0ffd313"
dependencies = [
 "arrayvec",
 "proc-macro2",
 "quote",
 "strsim",
 "syn 2.0.77",
]

[[package]]
name = "deluxe-macros"
version = "0.5.0"
source = "registry+https://github.com/rust-lang/crates.io-index"
checksum = "f87546d9c837f0b7557e47b8bd6eae52c3c223141b76aa233c345c9ab41d9117"
dependencies = [
 "deluxe-core",
 "heck",
 "if_chain",
 "proc-macro-crate",
 "proc-macro2",
 "quote",
 "syn 2.0.77",
]

[[package]]
name = "engage"
version = "0.6.3"
source = "git+https://github.com/DivineDragonFanClub/engage#4976a1f65d03afba1397c51560d5bcfcfb412819"
dependencies = [
 "bitflags",
 "lazysimd",
 "modular-bitfield",
 "once_cell",
 "skyline 0.2.1 (git+https://github.com/Raytwo/skyline-rs?branch=preview)",
 "unity",
]

[[package]]
name = "equivalent"
version = "1.0.1"
source = "registry+https://github.com/rust-lang/crates.io-index"
checksum = "5443807d6dff69373d433ab9ef5378ad8df50ca6298caf15de6e52e24aaf54d5"

[[package]]
name = "fps-settings-plugin"
version = "0.1.0"
dependencies = [
 "cobapi",
 "engage",
 "phf",
 "skyline 0.2.1 (registry+https://github.com/rust-lang/crates.io-index)",
 "unity",
]

[[package]]
name = "hashbrown"
version = "0.14.5"
source = "registry+https://github.com/rust-lang/crates.io-index"
checksum = "e5274423e17b7c9fc20b6e7e208532f9b19825d82dfd615708b70edd83df41f1"

[[package]]
name = "heck"
version = "0.4.1"
source = "registry+https://github.com/rust-lang/crates.io-index"
checksum = "95505c38b4572b2d910cecb0281560f54b440a19336cbbcb27bf6ce6adc6f5a8"

[[package]]
name = "if_chain"
version = "1.0.2"
source = "registry+https://github.com/rust-lang/crates.io-index"
checksum = "cb56e1aa765b4b4f3aadfab769793b7087bb03a4ea4920644a6d238e2df5b9ed"

[[package]]
name = "indexmap"
version = "2.5.0"
source = "registry+https://github.com/rust-lang/crates.io-index"
checksum = "68b900aa2f7301e21c36462b170ee99994de34dff39a4a6a528e80e7376d07e5"
dependencies = [
 "equivalent",
 "hashbrown",
]

[[package]]
name = "lazy_static"
version = "1.5.0"
source = "registry+https://github.com/rust-lang/crates.io-index"
checksum = "bbd2bcb4c963f2ddae06a2efc7e9f3591312473c50c6685e1f298068316e66fe"

[[package]]
name = "lazysimd"
version = "0.1.0"
source = "git+https://github.com/Raytwo/lazysimd#3effca0fd2ebcd95d9b4113f4290e5865aa43792"
dependencies = [
 "lazysimd_macro",
 "skyline 0.2.1 (git+https://github.com/Raytwo/skyline-rs?branch=preview)",
]

[[package]]
name = "lazysimd_macro"
version = "0.1.0"
source = "git+https://github.com/Raytwo/lazysimd#3effca0fd2ebcd95d9b4113f4290e5865aa43792"
dependencies = [
 "proc-macro2",
 "quote",
 "syn 2.0.77",
]

[[package]]
name = "libc-nnsdk"
version = "0.2.0"
source = "registry+https://github.com/rust-lang/crates.io-index"
checksum = "6823e4bff6dee10a75dfee95afe1c5a7f93a1b99a20013663e0cb04b3a64f867"

[[package]]
name = "libc-nnsdk"
version = "0.3.0"
source = "registry+https://github.com/rust-lang/crates.io-index"
checksum = "99102e4669e461772fcdfeb04ce9dec03c5fade700a3c12b1a4c2a27d97e9b68"

[[package]]
name = "memchr"
version = "2.7.4"
source = "registry+https://github.com/rust-lang/crates.io-index"
checksum = "78ca9ab1a0babb1e7d5695e3530886289c18cf2f87ec19a575a0abdce112e3a3"

[[package]]
name = "memoffset"
version = "0.8.0"
source = "registry+https://github.com/rust-lang/crates.io-index"
checksum = "d61c719bcfbcf5d62b3a09efa6088de8c54bc0bfcd3ea7ae39fcc186108b8de1"
dependencies = [
 "autocfg",
]

[[package]]
name = "modular-bitfield"
version = "0.11.2"
source = "registry+https://github.com/rust-lang/crates.io-index"
checksum = "a53d79ba8304ac1c4f9eb3b9d281f21f7be9d4626f72ce7df4ad8fbde4f38a74"
dependencies = [
 "modular-bitfield-impl",
 "static_assertions",
]

[[package]]
name = "modular-bitfield-impl"
version = "0.11.2"
source = "registry+https://github.com/rust-lang/crates.io-index"
checksum = "5a7d5f7076603ebc68de2dc6a650ec331a062a13abaa346975be747bbfa4b789"
dependencies = [
 "proc-macro2",
 "quote",
 "syn 1.0.109",
]

[[package]]
name = "nnsdk"
version = "0.2.0"
source = "registry+https://github.com/rust-lang/crates.io-index"
checksum = "e0f4537c7470ba25f406d42c8cbfe26f64099af4b613e715c6bcb3d25856896c"
dependencies = [
 "libc-nnsdk 0.2.0",
]

[[package]]
name = "nnsdk"
version = "0.3.0"
source = "git+https://github.com/ultimate-research/nnsdk-rs#bb0ee1d213393d1eaeb9b380064e97bfada199d1"
dependencies = [
 "libc-nnsdk 0.3.0",
]

[[package]]
name = "once_cell"
version = "1.19.0"
source = "registry+https://github.com/rust-lang/crates.io-index"
checksum = "3fdb12b2476b595f9358c5161aa467c2438859caa136dec86c26fdd2efe17b92"

[[package]]
name = "phf"
version = "0.11.2"
source = "registry+https://github.com/rust-lang/crates.io-index"
checksum = "ade2d8b8f33c7333b51bcf0428d37e217e9f32192ae4772156f65063b8ce03dc"
dependencies = [
 "phf_macros",
 "phf_shared",
]

[[package]]
name = "phf_generator"
version = "0.11.2"
source = "registry+https://github.com/rust-lang/crates.io-index"
checksum = "48e4cc64c2ad9ebe670cb8fd69dd50ae301650392e81c05f9bfcb2d5bdbc24b0"
dependencies = [
 "phf_shared",
 "rand",
]

[[package]]
name = "phf_macros"
version = "0.11.2"
source = "registry+https://github.com/rust-lang/crates.io-index"
checksum = "3444646e286606587e49f3bcf1679b8cef1dc2c5ecc29ddacaffc305180d464b"
dependencies = [
 "phf_generator",
 "phf_shared",
 "proc-macro2",
 "quote",
 "syn 2.0.77",
]

[[package]]
name = "phf_shared"
version = "0.11.2"
source = "registry+https://github.com/rust-lang/crates.io-index"
checksum = "90fcb95eef784c2ac79119d1dd819e162b5da872ce6f3c3abe1e8ca1c082f72b"
dependencies = [
 "siphasher",
]

[[package]]
name = "proc-macro-crate"
version = "1.3.1"
source = "registry+https://github.com/rust-lang/crates.io-index"
checksum = "7f4c021e1093a56626774e81216a4ce732a735e5bad4868a03f3ed65ca0c3919"
dependencies = [
 "once_cell",
 "toml_edit",
]

[[package]]
name = "proc-macro2"
version = "1.0.86"
source = "registry+https://github.com/rust-lang/crates.io-index"
checksum = "5e719e8df665df0d1c8fbfd238015744736151d4445ec0836b8e628aae103b77"
dependencies = [
 "unicode-ident",
]

[[package]]
name = "quote"
version = "1.0.37"
source = "registry+https://github.com/rust-lang/crates.io-index"
checksum = "b5b9d34b8991d19d98081b46eacdd8eb58c6f2b201139f7c5f643cc155a633af"
dependencies = [
 "proc-macro2",
]

[[package]]
name = "rand"
version = "0.8.5"
source = "registry+https://github.com/rust-lang/crates.io-index"
checksum = "34af8d1a0e25924bc5b7c43c079c942339d8f0a8b57c39049bef581b46327404"
dependencies = [
 "rand_core",
]

[[package]]
name = "rand_core"
version = "0.6.4"
source = "registry+https://github.com/rust-lang/crates.io-index"
checksum = "ec0be4795e2f6a28069bec0b5ff3e2ac9bafc99e6a9a7dc3547996c5c816922c"

[[package]]
name = "siphasher"
version = "0.3.11"
source = "registry+https://github.com/rust-lang/crates.io-index"
checksum = "38b58827f4464d87d377d175e90bf58eb00fd8716ff0a62f80356b5e61555d0d"

[[package]]
name = "skyline"
version = "0.2.1"
source = "registry+https://github.com/rust-lang/crates.io-index"
checksum = "9950fc129490cff3f4755aa523df16aeeb80130699abfc59cc7c6df8fc5802ad"
dependencies = [
 "libc-nnsdk 0.2.0",
 "nnsdk 0.2.0",
 "skyline_macro 0.2.0 (registry+https://github.com/rust-lang/crates.io-index)",
]

[[package]]
name = "skyline"
version = "0.2.1"
source = "git+https://github.com/Raytwo/skyline-rs?branch=preview#3ce8983f65b649e58f20184bec176520846d4b2b"
dependencies = [
 "libc-nnsdk 0.2.0",
 "nnsdk 0.3.0",
 "skyline_macro 0.2.0 (git+https://github.com/Raytwo/skyline-rs?branch=preview)",
]

[[package]]
name = "skyline_macro"
version = "0.2.0"
source = "registry+https://github.com/rust-lang/crates.io-index"
checksum = "9194b20ee17c1de2ed299cfd9b8b56160a35b5579b3273c416ab4e5c058844dc"
dependencies = [
 "lazy_static",
 "proc-macro2",
 "quote",
 "syn 1.0.109",
]

[[package]]
name = "skyline_macro"
version = "0.2.0"
source = "git+https://github.com/Raytwo/skyline-rs?branch=preview#3ce8983f65b649e58f20184bec176520846d4b2b"
dependencies = [
 "lazy_static",
 "proc-macro2",
 "quote",
 "syn 1.0.109",
]

[[package]]
name = "static_assertions"
version = "1.1.0"
source = "registry+https://github.com/rust-lang/crates.io-index"
checksum = "a2eb9349b6444b326872e140eb1cf5e7c522154d69e7a0ffb0fb81c06b37543f"

[[package]]
name = "strsim"
version = "0.10.0"
source = "registry+https://github.com/rust-lang/crates.io-index"
checksum = "73473c0e59e6d5812c5dfe2a064a6444949f089e20eec9a2e5506596494e4623"

[[package]]
name = "syn"
version = "1.0.109"
source = "registry+https://github.com/rust-lang/crates.io-index"
checksum = "72b64191b275b66ffe2469e8af2c1cfe3bafa67b529ead792a6d0160888b4237"
dependencies = [
 "proc-macro2",
 "quote",
 "unicode-ident",
]

[[package]]
name = "syn"
version = "2.0.77"
source = "registry+https://github.com/rust-lang/crates.io-index"
checksum = "9f35bcdf61fd8e7be6caf75f429fdca8beb3ed76584befb503b1569faee373ed"
dependencies = [
 "proc-macro2",
 "quote",
 "unicode-ident",
]

[[package]]
name = "thiserror"
version = "1.0.63"
source = "registry+https://github.com/rust-lang/crates.io-index"
checksum = "c0342370b38b6a11b6cc11d6a805569958d54cfa061a29969c3b5ce2ea405724"
dependencies = [
 "thiserror-impl",
]

[[package]]
name = "thiserror-impl"
version = "1.0.63"
source = "registry+https://github.com/rust-lang/crates.io-index"
checksum = "a4558b58466b9ad7ca0f102865eccc95938dca1a74a856f2b57b6629050da261"
dependencies = [
 "proc-macro2",
 "quote",
 "syn 2.0.77",
]

[[package]]
name = "toml_datetime"
version = "0.6.8"
source = "registry+https://github.com/rust-lang/crates.io-index"
checksum = "0dd7358ecb8fc2f8d014bf86f6f638ce72ba252a2c3a2572f2a795f1d23efb41"

[[package]]
name = "toml_edit"
version = "0.19.15"
source = "registry+https://github.com/rust-lang/crates.io-index"
checksum = "1b5bb770da30e5cbfde35a2d7b9b8a2c4b8ef89548a7a6aeab5c9a576e3e7421"
dependencies = [
 "indexmap",
 "toml_datetime",
 "winnow",
]

[[package]]
name = "unicode-ident"
version = "1.0.13"
source = "registry+https://github.com/rust-lang/crates.io-index"
checksum = "e91b56cd4cadaeb79bbf1a5645f6b4f8dc5bde8834ad5894a8db35fda9efa1fe"

[[package]]
name = "unity"
version = "0.3.0"
source = "git+https://github.com/DivineDragonFanClub/unity#060ee5ea5162cc73e483d3c2c851b5bff5da7e09"
dependencies = [
 "lazysimd",
 "memoffset",
 "skyline 0.2.1 (git+https://github.com/Raytwo/skyline-rs?branch=preview)",
 "thiserror",
 "unity-macro",
]

[[package]]
name = "unity-macro"
version = "0.1.0"
source = "git+https://github.com/DivineDragonFanClub/unity#060ee5ea5162cc73e483d3c2c851b5bff5da7e09"
dependencies = [
 "deluxe",
 "proc-macro-crate",
 "proc-macro2",
 "quote",
 "syn 2.0.77",
]

[[package]]
name = "winnow"
version = "0.5.40"
source = "registry+https://github.com/rust-lang/crates.io-index"
checksum = "f593a95398737aeed53e489c785df13f3618e41dbcd6718c6addbf1395aa6876"
dependencies = [
 "memchr",
]
